
Microsoft Visual Studio Solution File, Format Version 12.00
# Visual Studio Version 16
VisualStudioVersion = 16.0.32802.440
MinimumVisualStudioVersion = 10.0.40219.1
Project("{FAE04EC0-301F-11D3-BF4B-00C04F79EFBC}") = "lab", "lab\lab.csproj", "{2F7820CA-2E51-44D2-B56C-9633B56086B5}"
EndProject
Global
	GlobalSection(SolutionConfigurationPlatforms) = preSolution
		Debug|Any CPU = Debug|Any CPU
		Release|Any CPU = Release|Any CPU
	EndGlobalSection
	GlobalSection(ProjectConfigurationPlatforms) = postSolution
		{2F7820CA-2E51-44D2-B56C-9633B56086B5}.Debug|Any CPU.ActiveCfg = Debug|Any CPU
		{2F7820CA-2E51-44D2-B56C-9633B56086B5}.Debug|Any CPU.Build.0 = Debug|Any CPU
		{2F7820CA-2E51-44D2-B56C-9633B56086B5}.Release|Any CPU.ActiveCfg = Release|Any CPU
		{2F7820CA-2E51-44D2-B56C-9633B56086B5}.Release|Any CPU.Build.0 = Release|Any CPU
	EndGlobalSection
	GlobalSection(SolutionProperties) = preSolution
		HideSolutionNode = FALSE
	EndGlobalSection
	GlobalSection(ExtensibilityGlobals) = postSolution
		SolutionGuid = {666A7F06-4376-48AC-8DB2-BF11994EEA8A}
	EndGlobalSection
EndGlobal
